
Microsoft Visual Studio Solution File, Format Version 12.00
# Visual Studio Version 17
VisualStudioVersion = 17.5.33424.131
MinimumVisualStudioVersion = 10.0.40219.1
Project("{9A19103F-16F7-4668-BE54-9A1E7A4F7556}") = "NiN3.Core", "NiN3.Core\NiN3.Core.csproj", "{09D709CE-1EBF-483F-81CE-FF9C6F3CF965}"
EndProject
Project("{9A19103F-16F7-4668-BE54-9A1E7A4F7556}") = "NiN3.Tests", "NiN3.Tests\NiN3.Tests.csproj", "{F8CCDD18-10F7-47E2-842C-DD1307CA2714}"
EndProject
Project("{9A19103F-16F7-4668-BE54-9A1E7A4F7556}") = "NiN3.Infrastructure", "NiN3.Infrastructure\NiN3.Infrastructure.csproj", "{C668EA10-B374-4739-AAB8-8539C883741F}"
EndProject
Project("{FAE04EC0-301F-11D3-BF4B-00C04F79EFBC}") = "NiN3.WebApi", "NiN3.WebApi\NiN3.WebApi.csproj", "{06A75829-1CA6-4F16-BBFE-A5D5341ECA8F}"
EndProject
Project("{FAE04EC0-301F-11D3-BF4B-00C04F79EFBC}") = "NiN3.Console", "NiN3.Console\NiN3.Console.csproj", "{C87CD0E1-2540-417A-A28E-B2173DA4CFFF}"
EndProject
Global
	GlobalSection(SolutionConfigurationPlatforms) = preSolution
		Debug|Any CPU = Debug|Any CPU
		Release|Any CPU = Release|Any CPU
	EndGlobalSection
	GlobalSection(ProjectConfigurationPlatforms) = postSolution
		{09D709CE-1EBF-483F-81CE-FF9C6F3CF965}.Debug|Any CPU.ActiveCfg = Debug|Any CPU
		{09D709CE-1EBF-483F-81CE-FF9C6F3CF965}.Debug|Any CPU.Build.0 = Debug|Any CPU
		{09D709CE-1EBF-483F-81CE-FF9C6F3CF965}.Release|Any CPU.ActiveCfg = Release|Any CPU
		{09D709CE-1EBF-483F-81CE-FF9C6F3CF965}.Release|Any CPU.Build.0 = Release|Any CPU
		{F8CCDD18-10F7-47E2-842C-DD1307CA2714}.Debug|Any CPU.ActiveCfg = Debug|Any CPU
		{F8CCDD18-10F7-47E2-842C-DD1307CA2714}.Debug|Any CPU.Build.0 = Debug|Any CPU
		{F8CCDD18-10F7-47E2-842C-DD1307CA2714}.Release|Any CPU.ActiveCfg = Release|Any CPU
		{F8CCDD18-10F7-47E2-842C-DD1307CA2714}.Release|Any CPU.Build.0 = Release|Any CPU
		{C668EA10-B374-4739-AAB8-8539C883741F}.Debug|Any CPU.ActiveCfg = Debug|Any CPU
		{C668EA10-B374-4739-AAB8-8539C883741F}.Debug|Any CPU.Build.0 = Debug|Any CPU
		{C668EA10-B374-4739-AAB8-8539C883741F}.Release|Any CPU.ActiveCfg = Release|Any CPU
		{C668EA10-B374-4739-AAB8-8539C883741F}.Release|Any CPU.Build.0 = Release|Any CPU
		{06A75829-1CA6-4F16-BBFE-A5D5341ECA8F}.Debug|Any CPU.ActiveCfg = Debug|Any CPU
		{06A75829-1CA6-4F16-BBFE-A5D5341ECA8F}.Debug|Any CPU.Build.0 = Debug|Any CPU
		{06A75829-1CA6-4F16-BBFE-A5D5341ECA8F}.Release|Any CPU.ActiveCfg = Release|Any CPU
		{06A75829-1CA6-4F16-BBFE-A5D5341ECA8F}.Release|Any CPU.Build.0 = Release|Any CPU
		{C87CD0E1-2540-417A-A28E-B2173DA4CFFF}.Debug|Any CPU.ActiveCfg = Debug|Any CPU
		{C87CD0E1-2540-417A-A28E-B2173DA4CFFF}.Debug|Any CPU.Build.0 = Debug|Any CPU
		{C87CD0E1-2540-417A-A28E-B2173DA4CFFF}.Release|Any CPU.ActiveCfg = Release|Any CPU
		{C87CD0E1-2540-417A-A28E-B2173DA4CFFF}.Release|Any CPU.Build.0 = Release|Any CPU
	EndGlobalSection
	GlobalSection(SolutionProperties) = preSolution
		HideSolutionNode = FALSE
	EndGlobalSection
	GlobalSection(ExtensibilityGlobals) = postSolution
		SolutionGuid = {5522C4A8-9B3B-46A9-8EAF-D9E4DE90E7C4}
	EndGlobalSection
EndGlobal
